
Microsoft Visual Studio Solution File, Format Version 12.00
# Visual Studio Version 16
VisualStudioVersion = 16.0.30002.166
MinimumVisualStudioVersion = 10.0.40219.1
Project("{2150E333-8FDC-42A3-9474-1A3956D46DE8}") = "Framework", "Framework", "{05356BBB-A55C-415B-8738-5679604F10D7}"
EndProject
Project("{FAE04EC0-301F-11D3-BF4B-00C04F79EFBC}") = "MarsFrame", "MarsFrame\MarsFrame.csproj", "{E4E5657E-19C5-477A-971A-F1333541EDA3}"
EndProject
Project("{FAE04EC0-301F-11D3-BF4B-00C04F79EFBC}") = "SpecflowTests", "SpecflowTests\SpecflowTests.csproj", "{3CC9CBF0-43F4-4419-A23C-3813410BA79D}"
EndProject
Project("{2150E333-8FDC-42A3-9474-1A3956D46DE8}") = "Test", "Test", "{7019FA7C-9C81-4B4B-AADB-C51D6CF53904}"
EndProject
Global
	GlobalSection(SolutionConfigurationPlatforms) = preSolution
		Debug|Any CPU = Debug|Any CPU
		Release|Any CPU = Release|Any CPU
	EndGlobalSection
	GlobalSection(ProjectConfigurationPlatforms) = postSolution
		{E4E5657E-19C5-477A-971A-F1333541EDA3}.Debug|Any CPU.ActiveCfg = Debug|Any CPU
		{E4E5657E-19C5-477A-971A-F1333541EDA3}.Debug|Any CPU.Build.0 = Debug|Any CPU
		{E4E5657E-19C5-477A-971A-F1333541EDA3}.Release|Any CPU.ActiveCfg = Release|Any CPU
		{E4E5657E-19C5-477A-971A-F1333541EDA3}.Release|Any CPU.Build.0 = Release|Any CPU
		{3CC9CBF0-43F4-4419-A23C-3813410BA79D}.Debug|Any CPU.ActiveCfg = Debug|Any CPU
		{3CC9CBF0-43F4-4419-A23C-3813410BA79D}.Debug|Any CPU.Build.0 = Debug|Any CPU
		{3CC9CBF0-43F4-4419-A23C-3813410BA79D}.Release|Any CPU.ActiveCfg = Release|Any CPU
		{3CC9CBF0-43F4-4419-A23C-3813410BA79D}.Release|Any CPU.Build.0 = Release|Any CPU
	EndGlobalSection
	GlobalSection(SolutionProperties) = preSolution
		HideSolutionNode = FALSE
	EndGlobalSection
	GlobalSection(NestedProjects) = preSolution
		{E4E5657E-19C5-477A-971A-F1333541EDA3} = {05356BBB-A55C-415B-8738-5679604F10D7}
		{3CC9CBF0-43F4-4419-A23C-3813410BA79D} = {7019FA7C-9C81-4B4B-AADB-C51D6CF53904}
	EndGlobalSection
	GlobalSection(ExtensibilityGlobals) = postSolution
		SolutionGuid = {3A9FAC7D-85B0-4BB7-9C19-B97013D01C24}
	EndGlobalSection
EndGlobal
